Microsoft Visual Studio Solution File, Format Version 12.00
# Visual Studio Version 17
VisualStudioVersion = 17.5.2.0
MinimumVisualStudioVersion = 10.0.40219.1
Project("{FAE04EC0-301F-11D3-BF4B-00C04F79EFBC}") = "AdminApi", "AdminApi.csproj", "{EB43A861-533C-2460-3677-B24115EBB800}"
EndProject
Global
	GlobalSection(SolutionConfigurationPlatforms) = preSolution
		Debug|Any CPU = Debug|Any CPU
		Release|Any CPU = Release|Any CPU
	EndGlobalSection
	GlobalSection(ProjectConfigurationPlatforms) = postSolution
		{EB43A861-533C-2460-3677-B24115EBB800}.Debug|Any CPU.ActiveCfg = Debug|Any CPU
		{EB43A861-533C-2460-3677-B24115EBB800}.Debug|Any CPU.Build.0 = Debug|Any CPU
		{EB43A861-533C-2460-3677-B24115EBB800}.Release|Any CPU.ActiveCfg = Release|Any CPU
		{EB43A861-533C-2460-3677-B24115EBB800}.Release|Any CPU.Build.0 = Release|Any CPU
	EndGlobalSection
	GlobalSection(SolutionProperties) = preSolution
		HideSolutionNode = FALSE
	EndGlobalSection
	GlobalSection(ExtensibilityGlobals) = postSolution
		SolutionGuid = {D1675AF7-3D06-4406-AC2B-9CAEAC3384F6}
	EndGlobalSection
EndGlobal
